
Microsoft Visual Studio Solution File, Format Version 12.00
# Visual Studio 14
VisualStudioVersion = 14.0.24720.0
MinimumVisualStudioVersion = 10.0.40219.1
Project("{FAE04EC0-301F-11D3-BF4B-00C04F79EFBC}") = "Blitz", "Blitz\Blitz.csproj", "{88437C20-6594-4870-8696-97CEC33D9496}"
	ProjectSection(ProjectDependencies) = postProject
		{6D2D2643-22B3-4D4F-B52A-1B72D4F18789} = {6D2D2643-22B3-4D4F-B52A-1B72D4F18789}
		{FA98A249-C7D0-453B-A62A-C08F8B6CA7E1} = {FA98A249-C7D0-453B-A62A-C08F8B6CA7E1}
		{AF3C6F9C-3DF9-4DBF-AE55-276E3CDCF6D9} = {AF3C6F9C-3DF9-4DBF-AE55-276E3CDCF6D9}
		{EC0115BC-F636-428C-9505-55A072A1B238} = {EC0115BC-F636-428C-9505-55A072A1B238}
		{C2C01DEE-3CB6-4ACB-8EE2-0144750F2BEE} = {C2C01DEE-3CB6-4ACB-8EE2-0144750F2BEE}
	EndProjectSection
EndProject
Project("{FAE04EC0-301F-11D3-BF4B-00C04F79EFBC}") = "Geometry", "Geometry\Geometry.csproj", "{EC0115BC-F636-428C-9505-55A072A1B238}"
	ProjectSection(ProjectDependencies) = postProject
		{FA98A249-C7D0-453B-A62A-C08F8B6CA7E1} = {FA98A249-C7D0-453B-A62A-C08F8B6CA7E1}
	EndProjectSection
EndProject
Project("{FAE04EC0-301F-11D3-BF4B-00C04F79EFBC}") = "Geometry.Services", "Geometry.Service\Geometry.Services.csproj", "{AF3C6F9C-3DF9-4DBF-AE55-276E3CDCF6D9}"
	ProjectSection(ProjectDependencies) = postProject
		{FA98A249-C7D0-453B-A62A-C08F8B6CA7E1} = {FA98A249-C7D0-453B-A62A-C08F8B6CA7E1}
		{EC0115BC-F636-428C-9505-55A072A1B238} = {EC0115BC-F636-428C-9505-55A072A1B238}
	EndProjectSection
EndProject
Project("{FAE04EC0-301F-11D3-BF4B-00C04F79EFBC}") = "Geometry.UnitTests", "Geometry.UnitTest\Geometry.UnitTests.csproj", "{57EA8577-2A9D-4699-8010-47D09BB625CF}"
	ProjectSection(ProjectDependencies) = postProject
		{AF3C6F9C-3DF9-4DBF-AE55-276E3CDCF6D9} = {AF3C6F9C-3DF9-4DBF-AE55-276E3CDCF6D9}
		{EC0115BC-F636-428C-9505-55A072A1B238} = {EC0115BC-F636-428C-9505-55A072A1B238}
	EndProjectSection
EndProject
Project("{FAE04EC0-301F-11D3-BF4B-00C04F79EFBC}") = "Base", "Base\Base.csproj", "{63CEF2EA-8717-4B68-93B7-36C8CF06E1B2}"
EndProject
Project("{FAE04EC0-301F-11D3-BF4B-00C04F79EFBC}") = "Base.Services", "Base.Services\Base.Services.csproj", "{FA98A249-C7D0-453B-A62A-C08F8B6CA7E1}"
EndProject
Project("{FAE04EC0-301F-11D3-BF4B-00C04F79EFBC}") = "Physics", "Physics\Physics.csproj", "{6D2D2643-22B3-4D4F-B52A-1B72D4F18789}"
	ProjectSection(ProjectDependencies) = postProject
		{AF3C6F9C-3DF9-4DBF-AE55-276E3CDCF6D9} = {AF3C6F9C-3DF9-4DBF-AE55-276E3CDCF6D9}
	EndProjectSection
EndProject
Project("{FAE04EC0-301F-11D3-BF4B-00C04F79EFBC}") = "Physics.Services", "Physics.Services\Physics.Services.csproj", "{C2C01DEE-3CB6-4ACB-8EE2-0144750F2BEE}"
	ProjectSection(ProjectDependencies) = postProject
		{FA98A249-C7D0-453B-A62A-C08F8B6CA7E1} = {FA98A249-C7D0-453B-A62A-C08F8B6CA7E1}
		{AF3C6F9C-3DF9-4DBF-AE55-276E3CDCF6D9} = {AF3C6F9C-3DF9-4DBF-AE55-276E3CDCF6D9}
		{EC0115BC-F636-428C-9505-55A072A1B238} = {EC0115BC-F636-428C-9505-55A072A1B238}
		{63CEF2EA-8717-4B68-93B7-36C8CF06E1B2} = {63CEF2EA-8717-4B68-93B7-36C8CF06E1B2}
	EndProjectSection
EndProject
Project("{FAE04EC0-301F-11D3-BF4B-00C04F79EFBC}") = "BlitzDx", "BlitzDx\BlitzDx.csproj", "{23A37549-7931-4433-A799-9A20F3E61AE8}"
	ProjectSection(ProjectDependencies) = postProject
		{0EB98751-4B4F-40F7-B400-95A54CC64FF7} = {0EB98751-4B4F-40F7-B400-95A54CC64FF7}
		{4C573A64-58C3-4191-9EEB-FE2BD2683C8D} = {4C573A64-58C3-4191-9EEB-FE2BD2683C8D}
		{EC42DF80-D12A-4E90-ABDF-B144A18E7971} = {EC42DF80-D12A-4E90-ABDF-B144A18E7971}
		{AF3C6F9C-3DF9-4DBF-AE55-276E3CDCF6D9} = {AF3C6F9C-3DF9-4DBF-AE55-276E3CDCF6D9}
		{C2C01DEE-3CB6-4ACB-8EE2-0144750F2BEE} = {C2C01DEE-3CB6-4ACB-8EE2-0144750F2BEE}
	EndProjectSection
EndProject
Project("{FAE04EC0-301F-11D3-BF4B-00C04F79EFBC}") = "Display", "Display\Display.csproj", "{3ECC218E-A956-4633-AA1A-BA9BC79F119C}"
EndProject
Project("{FAE04EC0-301F-11D3-BF4B-00C04F79EFBC}") = "Display.SharpDx", "Display.SharpDx\Display.SharpDx.csproj", "{4C573A64-58C3-4191-9EEB-FE2BD2683C8D}"
	ProjectSection(ProjectDependencies) = postProject
		{FA98A249-C7D0-453B-A62A-C08F8B6CA7E1} = {FA98A249-C7D0-453B-A62A-C08F8B6CA7E1}
		{AF3C6F9C-3DF9-4DBF-AE55-276E3CDCF6D9} = {AF3C6F9C-3DF9-4DBF-AE55-276E3CDCF6D9}
	EndProjectSection
EndProject
Project("{FAE04EC0-301F-11D3-BF4B-00C04F79EFBC}") = "Camera", "Camera\Camera.csproj", "{EC42DF80-D12A-4E90-ABDF-B144A18E7971}"
	ProjectSection(ProjectDependencies) = postProject
		{AF3C6F9C-3DF9-4DBF-AE55-276E3CDCF6D9} = {AF3C6F9C-3DF9-4DBF-AE55-276E3CDCF6D9}
	EndProjectSection
EndProject
Project("{FAE04EC0-301F-11D3-BF4B-00C04F79EFBC}") = "Camera.Services", "Camera.Services\Camera.Services.csproj", "{0EB98751-4B4F-40F7-B400-95A54CC64FF7}"
EndProject
Global
	GlobalSection(SolutionConfigurationPlatforms) = preSolution
		Debug|Any CPU = Debug|Any CPU
		Release|Any CPU = Release|Any CPU
	EndGlobalSection
	GlobalSection(ProjectConfigurationPlatforms) = postSolution
		{88437C20-6594-4870-8696-97CEC33D9496}.Debug|Any CPU.ActiveCfg = Debug|Any CPU
		{88437C20-6594-4870-8696-97CEC33D9496}.Debug|Any CPU.Build.0 = Debug|Any CPU
		{88437C20-6594-4870-8696-97CEC33D9496}.Release|Any CPU.ActiveCfg = Release|Any CPU
		{88437C20-6594-4870-8696-97CEC33D9496}.Release|Any CPU.Build.0 = Release|Any CPU
		{EC0115BC-F636-428C-9505-55A072A1B238}.Debug|Any CPU.ActiveCfg = Debug|Any CPU
		{EC0115BC-F636-428C-9505-55A072A1B238}.Debug|Any CPU.Build.0 = Debug|Any CPU
		{EC0115BC-F636-428C-9505-55A072A1B238}.Release|Any CPU.ActiveCfg = Release|Any CPU
		{EC0115BC-F636-428C-9505-55A072A1B238}.Release|Any CPU.Build.0 = Release|Any CPU
		{AF3C6F9C-3DF9-4DBF-AE55-276E3CDCF6D9}.Debug|Any CPU.ActiveCfg = Debug|Any CPU
		{AF3C6F9C-3DF9-4DBF-AE55-276E3CDCF6D9}.Debug|Any CPU.Build.0 = Debug|Any CPU
		{AF3C6F9C-3DF9-4DBF-AE55-276E3CDCF6D9}.Release|Any CPU.ActiveCfg = Release|Any CPU
		{AF3C6F9C-3DF9-4DBF-AE55-276E3CDCF6D9}.Release|Any CPU.Build.0 = Release|Any CPU
		{57EA8577-2A9D-4699-8010-47D09BB625CF}.Debug|Any CPU.ActiveCfg = Debug|Any CPU
		{57EA8577-2A9D-4699-8010-47D09BB625CF}.Debug|Any CPU.Build.0 = Debug|Any CPU
		{57EA8577-2A9D-4699-8010-47D09BB625CF}.Release|Any CPU.ActiveCfg = Release|Any CPU
		{57EA8577-2A9D-4699-8010-47D09BB625CF}.Release|Any CPU.Build.0 = Release|Any CPU
		{63CEF2EA-8717-4B68-93B7-36C8CF06E1B2}.Debug|Any CPU.ActiveCfg = Debug|Any CPU
		{63CEF2EA-8717-4B68-93B7-36C8CF06E1B2}.Debug|Any CPU.Build.0 = Debug|Any CPU
		{63CEF2EA-8717-4B68-93B7-36C8CF06E1B2}.Release|Any CPU.ActiveCfg = Release|Any CPU
		{63CEF2EA-8717-4B68-93B7-36C8CF06E1B2}.Release|Any CPU.Build.0 = Release|Any CPU
		{FA98A249-C7D0-453B-A62A-C08F8B6CA7E1}.Debug|Any CPU.ActiveCfg = Debug|Any CPU
		{FA98A249-C7D0-453B-A62A-C08F8B6CA7E1}.Debug|Any CPU.Build.0 = Debug|Any CPU
		{FA98A249-C7D0-453B-A62A-C08F8B6CA7E1}.Release|Any CPU.ActiveCfg = Release|Any CPU
		{FA98A249-C7D0-453B-A62A-C08F8B6CA7E1}.Release|Any CPU.Build.0 = Release|Any CPU
		{6D2D2643-22B3-4D4F-B52A-1B72D4F18789}.Debug|Any CPU.ActiveCfg = Debug|Any CPU
		{6D2D2643-22B3-4D4F-B52A-1B72D4F18789}.Debug|Any CPU.Build.0 = Debug|Any CPU
		{6D2D2643-22B3-4D4F-B52A-1B72D4F18789}.Release|Any CPU.ActiveCfg = Release|Any CPU
		{6D2D2643-22B3-4D4F-B52A-1B72D4F18789}.Release|Any CPU.Build.0 = Release|Any CPU
		{C2C01DEE-3CB6-4ACB-8EE2-0144750F2BEE}.Debug|Any CPU.ActiveCfg = Debug|Any CPU
		{C2C01DEE-3CB6-4ACB-8EE2-0144750F2BEE}.Debug|Any CPU.Build.0 = Debug|Any CPU
		{C2C01DEE-3CB6-4ACB-8EE2-0144750F2BEE}.Release|Any CPU.ActiveCfg = Release|Any CPU
		{C2C01DEE-3CB6-4ACB-8EE2-0144750F2BEE}.Release|Any CPU.Build.0 = Release|Any CPU
		{23A37549-7931-4433-A799-9A20F3E61AE8}.Debug|Any CPU.ActiveCfg = Debug|Any CPU
		{23A37549-7931-4433-A799-9A20F3E61AE8}.Debug|Any CPU.Build.0 = Debug|Any CPU
		{23A37549-7931-4433-A799-9A20F3E61AE8}.Release|Any CPU.ActiveCfg = Release|Any CPU
		{23A37549-7931-4433-A799-9A20F3E61AE8}.Release|Any CPU.Build.0 = Release|Any CPU
		{3ECC218E-A956-4633-AA1A-BA9BC79F119C}.Debug|Any CPU.ActiveCfg = Debug|Any CPU
		{3ECC218E-A956-4633-AA1A-BA9BC79F119C}.Debug|Any CPU.Build.0 = Debug|Any CPU
		{3ECC218E-A956-4633-AA1A-BA9BC79F119C}.Release|Any CPU.ActiveCfg = Release|Any CPU
		{3ECC218E-A956-4633-AA1A-BA9BC79F119C}.Release|Any CPU.Build.0 = Release|Any CPU
		{4C573A64-58C3-4191-9EEB-FE2BD2683C8D}.Debug|Any CPU.ActiveCfg = Debug|Any CPU
		{4C573A64-58C3-4191-9EEB-FE2BD2683C8D}.Debug|Any CPU.Build.0 = Debug|Any CPU
		{4C573A64-58C3-4191-9EEB-FE2BD2683C8D}.Release|Any CPU.ActiveCfg = Release|Any CPU
		{4C573A64-58C3-4191-9EEB-FE2BD2683C8D}.Release|Any CPU.Build.0 = Release|Any CPU
		{EC42DF80-D12A-4E90-ABDF-B144A18E7971}.Debug|Any CPU.ActiveCfg = Debug|Any CPU
		{EC42DF80-D12A-4E90-ABDF-B144A18E7971}.Debug|Any CPU.Build.0 = Debug|Any CPU
		{EC42DF80-D12A-4E90-ABDF-B144A18E7971}.Release|Any CPU.ActiveCfg = Release|Any CPU
		{EC42DF80-D12A-4E90-ABDF-B144A18E7971}.Release|Any CPU.Build.0 = Release|Any CPU
		{0EB98751-4B4F-40F7-B400-95A54CC64FF7}.Debug|Any CPU.ActiveCfg = Debug|Any CPU
		{0EB98751-4B4F-40F7-B400-95A54CC64FF7}.Debug|Any CPU.Build.0 = Debug|Any CPU
		{0EB98751-4B4F-40F7-B400-95A54CC64FF7}.Release|Any CPU.ActiveCfg = Release|Any CPU
		{0EB98751-4B4F-40F7-B400-95A54CC64FF7}.Release|Any CPU.Build.0 = Release|Any CPU
	EndGlobalSection
	GlobalSection(SolutionProperties) = preSolution
		HideSolutionNode = FALSE
	EndGlobalSection
EndGlobal
